# FEM environment explicit lock (D-17). Generated by scripts/setup_fem_env.sh --relock
# specs: python=3.11 freecad=1.1.3 gmsh=4.15.2 python-gmsh=4.15.2 calculix=2.23 pyvista ccx2paraview opencamlib=2023.01.11
# platform: osx-64
@EXPLICIT
https://conda.anaconda.org/conda-forge/osx-64/_openmp_mutex-4.5-8_kmp_llvm.conda#09ba32614a1512b729e3cb608b0714c24654f37b5d0f8239bdb77d7be0ede4f7
https://conda.anaconda.org/conda-forge/noarch/_python_abi3_support-1.0-hd8ed1ab_3.conda#2a7204314663eeda5dec482a956f0e2eaf289bd5b9953eaaaad0e81aa64638f2
https://conda.anaconda.org/conda-forge/noarch/adwaita-icon-theme-51.0-unix_0.conda#def01b148aa54d4de29b7d4bf58d941c8699582201db14cf78c6c89fa1666434
https://conda.anaconda.org/conda-forge/noarch/aiohappyeyeballs-2.7.1-pyhd8ed1ab_0.conda#5ef589e5fd3736439781a9d48e68ce1e723b7081a471c02169908198eba4f448
https://conda.anaconda.org/conda-forge/osx-64/aiohttp-3.14.3-py311ha95a472_0.conda#27142959297fa753cf1573fcd413fc67ee5b59fb144e20e26806c065ea177dd1
https://conda.anaconda.org/conda-forge/noarch/aiosignal-1.4.0-pyhd8ed1ab_0.conda#8dc149a6828d19bf104ea96382a9d04dae185d4a03cc6beb1bc7b84c428e3ca2
https://conda.anaconda.org/conda-forge/osx-64/ann-1.1.3-h6e061ac_1.conda#4a83d4a592226963c2d42cc5c45d51b7200e9ea8a9163826285cab19458835a7
https://conda.anaconda.org/conda-forge/osx-64/aom-3.14.1-pl5321hf898372_2.conda#292a3e7c196a4cdacba61a45f66fa01ebfdd261f83cb192aa5e2350bfb075386
https://conda.anaconda.org/conda-forge/osx-64/arpack-3.9.1-nompi_hdfe9103_102.conda#fbb8ab189e4700bbb856abdee6f71172628004c009cc276e44ffa3fdd2599985
https://conda.anaconda.org/conda-forge/osx-64/atk-1.0-2.38.0-h4bec284_2.conda#a5972a943764e46478c966b26be61de70dcd7d0cfda4bd0b0c46916ae32e0492
https://conda.anaconda.org/conda-forge/noarch/attrs-26.1.0-pyhcf101f3_0.conda#1b6124230bb4e571b1b9401537ecff575b7b109cc3a21ee019f65e083b8399ab
https://conda.anaconda.org/conda-forge/osx-64/backports.zstd-1.7.0-py311h6931d8d_1.conda#3ffc36e05256a8a33cba946be97e7a8b49963b64ea3c8fa22e92d22845c91808
https://conda.anaconda.org/conda-forge/osx-64/blosc-1.21.6-hd145fbb_1.conda#876bdb1947644b4408f498ac91c61f1f4987d2c57eb47c0aba0d5ee822cd7da9
https://conda.anaconda.org/conda-forge/osx-64/brotli-1.2.0-ha9642f3_4.conda#1f890b7c8b8d7dc765bcbc547d4e1eb53d656396b722c54850a1f62ca48181b1
https://conda.anaconda.org/conda-forge/osx-64/brotli-bin-1.2.0-h086410e_4.conda#df28c428b58e19c39c5c9ff00aa57cd08b1196c872283cb8826255fd46bc64cd
https://conda.anaconda.org/conda-forge/osx-64/brotli-python-1.2.0-py311hd084d1d_4.conda#f6540961615e08b22765c0f3e4c6a76f3c544709c777d288012cb40e6bf9bc74
https://conda.anaconda.org/conda-forge/osx-64/bzip2-1.0.8-h374f1ed_10.conda#4ed83961876dc8844a6f0df49c07b408efbaea275ffb0b37133e24c006990b3a
https://conda.anaconda.org/conda-forge/osx-64/c-ares-1.34.8-had63097_2.conda#a00162ac4b2f68a6ddf23905e9d2fdb3ecd5abad51659f512539952a780d53ed
https://conda.anaconda.org/conda-forge/noarch/ca-certificates-2026.7.22-hbd8a1cb_0.conda#0a0544cf95f64394fe4959286f5c71f5444ad58feb0602e53becb27448d24da6
https://conda.anaconda.org/conda-forge/osx-64/cairo-1.18.6-h5791faa_0.conda#5f7bf2bfd42cb6d955b196d5ab9ba74c1bb075977703aafd244c0af6f9c6cee2
https://conda.anaconda.org/conda-forge/osx-64/calculix-2.23-pl5321he458aea_8.conda#2bf3ca4a04e5abf1b1a1a91b3788b2c7dbb978fc846472c2327ced4f0df1c7ad
https://conda.anaconda.org/conda-forge/noarch/ccx2paraview-3.2.0-pyhcf101f3_3.conda#b6feb78eb70f286d02f6b318daebcdd36e229d0df9a0f6763d08d9c860a4a309
https://conda.anaconda.org/conda-forge/noarch/certifi-2026.7.22-pyhd8ed1ab_0.conda#fb167de4388e64e52aa3907ed099afab944c1fa6e5f74b281a312dae1bcf7f3b
https://conda.anaconda.org/conda-forge/osx-64/charset-normalizer-3.5.2-hd77389f_0.conda#c472de27f59dfc9ad7fcf59b0bb560f284764153defa73869882b10fd78b32b4
https://conda.anaconda.org/conda-forge/osx-64/cli11-2.7.2-h2fb4741_1.conda#c9ac79e9fdcfc7b26eb40a36ab4ce236744cb00affbb70b09743273079bed131
https://conda.anaconda.org/conda-forge/osx-64/coin3d-4.0.10-h9664c99_1.conda#6e691978cc291e65f82227371be35eee9d2b40d9328710be9ef0c62895359fa8
https://conda.anaconda.org/conda-forge/osx-64/contourpy-1.3.3-py311h9d13916_4.conda#4990e8c2418f07b787d764aee3171df4a1c7681050d00e10b4433eed3b997e9d
https://conda.anaconda.org/conda-forge/noarch/cpython-3.11.16-py311hd8ed1ab_2.conda#be18e37b4ab19a72b2ceac449e4ad11e5e18756aeb1c2a5b7f8811bff0c2e030
https://conda.anaconda.org/conda-forge/noarch/cycler-0.12.1-pyhcf101f3_2.conda#bb47aec5338695ff8efbddbc669064a3b10fe34ad881fb8ad5d64fbfa6910ed1
https://conda.anaconda.org/conda-forge/noarch/cyclopts-5.1.1-pyh5ded981_0.conda#4e5dee1a9f4e63a58e170fb5745ea18b1ece749a3585bb787ee3065545ec07fc
https://conda.anaconda.org/conda-forge/osx-64/cyrus-sasl-2.1.28-h7cc0300_1.conda#4eb204b177a95eff980eeb58dcaa317564d22eb9f07b6dca440e3c57cfb15aea
https://conda.anaconda.org/conda-forge/osx-64/dbus-1.16.2-hebb0a2c_2.conda#bba6ef04dd9584738edca83677c1564a24d7223b6d40c6787db363c5fc754877
https://conda.anaconda.org/conda-forge/noarch/docstring_parser-0.18.0-pyhd8ed1ab_0.conda#0994f88d4257dbfcbf67f10c886d84a531e13e6d36dee3a77ddcca6ffc37d7ca
https://conda.anaconda.org/conda-forge/osx-64/double-conversion-3.4.0-hcc62823_0.conda#c289ee826bcbc05a599435dc1b62d3115f2b9e3edbd411e70f26b3202cc86a12
https://conda.anaconda.org/conda-forge/osx-64/eigen-5.0.1-h8a113fb_3.conda#ba86a7f709b6cc5bc7bbc1bf0351e9575bf1f712440e616c17cf07c29f8351ac
https://conda.anaconda.org/conda-forge/osx-64/eigen-abi-5.0.1.80-h969a130_3.conda#100db922258979a7c0e872c7cda28b0f97f1103259c59f5ba247153d34992c3a
https://conda.anaconda.org/conda-forge/osx-64/epoxy-1.5.10-h8616949_2.conda#d5c466bddf423a788ce5c39af20af41ebaf3de9dc9e807098fc9bf45c3c7db45
https://conda.anaconda.org/conda-forge/osx-64/expat-2.8.5-h6e061ac_0.conda#71208aaeff14dc5264bcff928bc5f0c427c5ce1af5530f31a3d955bd33b909c0
https://conda.anaconda.org/conda-forge/osx-64/ffmpeg-9.0.2-gpl_h50f6a28_103.conda#f6618e0962e3f7169e45f7ea9375ac26ed83b47bba91a2502faddd9f08f1dd42
https://conda.anaconda.org/conda-forge/osx-64/flann-1.9.2-h64d8cb7_6.conda#078dcd4af8bbe96c9caa58984f3c32b8d5c615f668ba45a1fe84a0dbc2ea0b7e
https://conda.anaconda.org/conda-forge/osx-64/fltk-1.3.10-h11de4b3_0.conda#1501c41aee9a97531f43029fe4ada66667df24e997d988456e4decd9759ac7a6
https://conda.anaconda.org/conda-forge/osx-64/fmt-12.1.0-he6aba6a_1.conda#79eb99b8c58c208788ece6d62dbde094a29a831afcf73f89b842d11e9111ebd1
https://conda.anaconda.org/conda-forge/noarch/font-ttf-dejavu-sans-mono-2.37-hab24e00_0.tar.bz2#58d7f40d2940dd0a8aa28651239adbf5613254df0f75789919c4e6762054403b
https://conda.anaconda.org/conda-forge/noarch/font-ttf-inconsolata-3.000-h77eed37_0.tar.bz2#c52a29fdac682c20d252facc50f01e7c2e7ceac52aa9817aaf0bb83f7559ec5c
https://conda.anaconda.org/conda-forge/noarch/font-ttf-source-code-pro-2.038-h77eed37_0.tar.bz2#00925c8c055a2275614b4d983e1df637245e19058d79fc7dd1a93b8d9fb4b139
https://conda.anaconda.org/conda-forge/noarch/font-ttf-ubuntu-0.83-h77eed37_3.conda#2821ec1dc454bd8b9a31d0ed22a7ce22422c0aef163c59f49dfdf915d0f0ca14
https://conda.anaconda.org/conda-forge/osx-64/fontconfig-2.18.3-h7f3b9c9_1.conda#4637141fa4f3a0f9b58afe4bda831adcb6964495600e97e7e2ed9763cd4f7eda
https://conda.anaconda.org/conda-forge/noarch/fonts-conda-ecosystem-1-0.tar.bz2#a997f2f1921bb9c9d76e6fa2f6b408b7fa549edd349a77639c9fe7a23ea93e61
https://conda.anaconda.org/conda-forge/noarch/fonts-conda-forge-1-hc364b38_1.conda#54eea8469786bc2291cc40bca5f46438d3e062a399e8f53f013b6a9f50e98333
https://conda.anaconda.org/conda-forge/osx-64/fonttools-4.66.1-py311hb660652_0.conda#bf170b8539b47ea47af33caac55aad5fd370a0c10adbceb579ecd80ef0621d05
https://conda.anaconda.org/conda-forge/osx-64/freecad-1.1.3-py311h3785d91_0.conda#df16cec072c3401546a38ba3c2c2ad32b94b95a0ae2790f7bd167618d09d41e4
https://conda.anaconda.org/conda-forge/osx-64/freeimage-3.18.0-h0f7f9a8_25.conda#663bca3ceac75a73868ab558730ca881c46ccc20b32d5e81708ecd201370d388
https://conda.anaconda.org/conda-forge/osx-64/freetype-2.14.3-h694c41f_2.conda#a9f6d77b27b67e681d4b3e214a0861a9d4aa87e0e824d8ef6c5bbfcf0cbb556e
https://conda.anaconda.org/conda-forge/osx-64/fribidi-1.0.17-hd115831_0.conda#2d00bba4debd24538f030464507ed73369483ec69c02b9cef110945b9569ffa4
https://conda.anaconda.org/conda-forge/osx-64/frozenlist-1.8.0-py311ha09d3ca_0.conda#e944858b369b90d4f262471ed9bd9e4a23f5f62fe59d2dab89152d1def6d0f54
https://conda.anaconda.org/conda-forge/osx-64/gdk-pixbuf-2.44.8-ha3e70bd_2.conda#a8ee577125a9213dc0c206d15497887d01b347fbf957e0951e48f146e187b0aa
https://conda.anaconda.org/conda-forge/osx-64/glew-2.3.0-h19ec1ea_0.conda#002f2d03eeed975055ce32e31b6f4a4c8677e357745126460ad8f11ad3bcfb4b
https://conda.anaconda.org/conda-forge/osx-64/glib-tools-2.90.0-he718cb3_0.conda#dc45ed9bb0f7b9014167177b94f9b82c58ff471345983e7a7c4462bd8347d679
https://conda.anaconda.org/conda-forge/osx-64/glslang-16.6.0-he9b0248_0.conda#857b86e48a1f88c42c79cc3fc44ece99f1077f82de996d8575efa385107bec12
https://conda.anaconda.org/conda-forge/osx-64/gmp-6.3.0-h65442b7_3.conda#64368a142b262c400cf15e649bfeca1d07cf41f39521e5284036c42533a2dad5
https://conda.anaconda.org/conda-forge/osx-64/gmsh-4.15.2-h21f6086_10.conda#b976bedbf69b2653728782a22ff1d369bd398ac7d1e32bc16088a2e1f5d7a482
https://conda.anaconda.org/conda-forge/osx-64/graphite2-1.3.15-h2fb4741_1.conda#8cc44569368289870f3cfe4a56f543ec15468398133545eae8d8c3ca4ef87774
https://conda.anaconda.org/conda-forge/osx-64/graphviz-14.1.2-h44fc223_0.conda#dd6a5e3599a2e07c04f4d33e61ecd5c26738eee9e88b9faa1da0f8b062ac9ca3
https://conda.anaconda.org/conda-forge/osx-64/gtk3-3.24.52-hf2d442a_0.conda#c69a03b1eec71c0a764658d67f81eaf9a316276ae900b107cd8d77766bc13cf8
https://conda.anaconda.org/conda-forge/osx-64/gts-0.7.6-h53e17e3_4.conda#d5b82a36f7e9d7636b854e56d1b4fe01c4d895128a7b73e2ec6945b691ff3314
https://conda.anaconda.org/conda-forge/noarch/h2-4.4.1-pyhcf101f3_0.conda#307dd6ec90140c3cf4171071b0e5e870abec314f4565c1edd5bc433e942cdcc0
https://conda.anaconda.org/conda-forge/osx-64/harfbuzz-14.5.1-h694c41f_0.conda#5ea9b1b4f395e56b9caa941aa0138d56779a184383c7cffe302a934a69e586d7
https://conda.anaconda.org/conda-forge/osx-64/hdf4-4.2.15-h8138101_7.conda#8c767cc71226e9eb62649c903c68ba73c5f5e7e3696ec0319d1f90586cebec7d
https://conda.anaconda.org/conda-forge/osx-64/hdf5-1.14.6-nompi_h13accda_110.conda#76fdcb1295eedd01a697d55e871415dd606adc7661b6acd893d073e95240961e
https://conda.anaconda.org/conda-forge/osx-64/hicolor-icon-theme-0.17-h694c41f_3.conda#3321e8d2c2198ac796b0ae800473173ade528b49f84b6c6e4e112a9704698b41
https://conda.anaconda.org/conda-forge/noarch/hpack-4.2.0-pyhd8ed1ab_0.conda#fdcea5d7cb314485d3907192ef024c704311548c5b0cbeb390cd1951051e29d2
https://conda.anaconda.org/conda-forge/noarch/hyperframe-6.1.0-pyhd8ed1ab_0.conda#77af6f5fe8b62ca07d09ac60127a30d9069fdc3c68d6b256754d0ffb1f7779f8
https://conda.anaconda.org/conda-forge/osx-64/icu-78.3-py313hbf1d544_2.conda#3abd86f3441f143b6b3203c92ae0d88dd8396a8857940af468f1fab854cdae57
https://conda.anaconda.org/conda-forge/noarch/idna-3.20-pyh5ded981_0.conda#e044b1ec829e2e24f971fa3f3408eb26f1db836e521a58f08b0fd9a03fee47be
https://conda.anaconda.org/conda-forge/osx-64/imath-3.2.2-h6337977_0.conda#d1fb13e40349261077c9fbd91c848513cf3e130ced9141496329f0f31d5e54d1
https://conda.anaconda.org/conda-forge/osx-64/jasper-4.2.9-h36fbcc0_2.conda#ba567162a0168ea81d717795b6cc7e02472beb683f32e0c808b71fed839c5b26
https://conda.anaconda.org/conda-forge/osx-64/jsoncpp-1.9.8-h66869c8_2.conda#a21fafd861acbdcc3e896801fdd5dbff335394295a039195213b90d3eaa879c1
https://conda.anaconda.org/conda-forge/osx-64/jxrlib-1.1-h10d778d_3.conda#a548a4be14a4c76d6d992a5c1feffcbb08062f5c57abc6e4278d40c2c9a7185b
https://conda.anaconda.org/conda-forge/osx-64/kiwisolver-1.5.1-py311h34f30e4_3.conda#5811ff80fd6af240fb63b62839febb3e7c2b8a68808a6fce11a9f4a80c23eacd
https://conda.anaconda.org/conda-forge/osx-64/krb5-1.22.2-h69064fd_2.conda#f41875ab241c4862b6bdb8316e5f4268ee8ff9e9115770d3d30a02028957c7c1
https://conda.anaconda.org/conda-forge/osx-64/lame-4.0-hf131caf_1.conda#44a4d785fe77f8566492cd994a5ad8d3908795dda6f6e1f192ef8192d5af909f
https://conda.anaconda.org/conda-forge/osx-64/lcms2-2.19.1-h4e6bd4b_3.conda#3cad2aa6ee744240e5012f6647fcfa95bb4375e718983d65ce154297357b1321
https://conda.anaconda.org/conda-forge/osx-64/lerc-4.2.0-h35c7297_0.conda#5ae9e18ec7f8134a009765bd1454687d5057482fbe9a4c661a672746d4a29b0b
https://conda.anaconda.org/conda-forge/osx-64/libaec-1.1.5-he7c3a48_0.conda#b42ac9c684c730cb97cb3931a0a97aaf791da38bace4f6944eca10de609e5946
https://conda.anaconda.org/conda-forge/osx-64/libass-0.17.5-h979882d_1.conda#c7630d146503a670387fa6f43b3d5fa25425189781e2639bf72fd23f4ba25536
https://conda.anaconda.org/conda-forge/osx-64/libblas-3.11.0-11_he492b99_openblas.conda#d5e1a84f24990086f04dcb0155cc0df7a02ea0edae522c1a0dbd4d099c38e398
https://conda.anaconda.org/conda-forge/osx-64/libboost-1.90.0-hd38a60b_3.conda#f48801b353971e1e24cb4e185c5c82a182c247bc7fd7da705124651e2f1b7901
https://conda.anaconda.org/conda-forge/osx-64/libboost-devel-1.90.0-h9c9b644_3.conda#41214f9051a65d22a1a9baa31e43df4c5ad36a7eb29bf08f1ac4d816eda987c9
https://conda.anaconda.org/conda-forge/noarch/libboost-headers-1.90.0-h707e725_3.conda#ca00a55588bd34d7cb8b5ffa9ad535bf3a1e16a88fea6b5fb98a22e76e69b673
https://conda.anaconda.org/conda-forge/osx-64/libboost-python-1.90.0-py311hd5d3278_3.conda#f36869cbb45dc8bf9483e8694e06779fa04a4337d77b6b6d1f6baf6f3778d80a
https://conda.anaconda.org/conda-forge/osx-64/libbrotlicommon-1.2.0-he0616a4_4.conda#14560b40c2c318f76ea517452f810ae9b9b752a75014138ff1ad06dba7c7e55d
https://conda.anaconda.org/conda-forge/osx-64/libbrotlidec-1.2.0-h4a2f56c_4.conda#61d001395c040d0879bc25e1a012f0d80dff315a3b96da1f4018a6815341442a
https://conda.anaconda.org/conda-forge/osx-64/libbrotlienc-1.2.0-h3d41943_4.conda#fb3c5a415789e7cbd6a6cd2453716ab18c360a66e46a8e2abb8b99b719535bb7
https://conda.anaconda.org/conda-forge/osx-64/libcblas-3.11.0-11_h9b27e0a_openblas.conda#0e76c359907461f9701b3cbac2c7911ad174a2ab5758247747ce1695a291e7c3
https://conda.anaconda.org/conda-forge/osx-64/libclang-cpp23.1-23.1.2-default_h6e863b9_0.conda#491c85fac38f91060802761e59e3a1505ee738ed2849504e8d0f3ecf0c520537
https://conda.anaconda.org/conda-forge/osx-64/libclang13-23.1.2-default_h3065a3b_0.conda#0dfe44aa4d56eae2ac5832a611ce1167d44ff17181c85596de01e149c04af01c
https://conda.anaconda.org/conda-forge/osx-64/libcurl-8.22.0-h5318221_0.conda#5625672a0a27c58c1c3c5849927c226eb65c88900e778262284e843dcce9c8f8
https://conda.anaconda.org/conda-forge/osx-64/libcxx-23.1.2-h19cb2f5_0.conda#0ad8c788c3681674f100820cf5e76fcc8ec88502e7aa64f4776581985009a7be
https://conda.anaconda.org/conda-forge/osx-64/libdav1d7-1.5.4-had63097_4.conda#fccd991d609027ac0619d8fdca5c2a12a9381ab3a80c868b188daed79c267622
https://conda.anaconda.org/conda-forge/osx-64/libdeflate-1.25-h7ad9622_1.conda#210ee1d6a5aa201cf6d02b10edd02738cc35a4e8fb0866e4fb425010d6dd2c49
https://conda.anaconda.org/conda-forge/osx-64/libdovi-3.4.0-hee1dffb_1.conda#1a9c0abc305e543cc21d02711a8e27d3ba2506ce80528e973a9a00f7338d3f87
https://conda.anaconda.org/conda-forge/osx-64/libedit-3.1.20250104-pl5321hba2e2ab_1.conda#4aa5161db41602af1abff73f5af415902135a47855d02c1ac05681a36320bd4b
https://conda.anaconda.org/conda-forge/osx-64/libev-4.33-ha3d0635_3.conda#223314a7476bdeb00f698937b6960fc51cb98627af2ac5a629e5150bcddb8abf
https://conda.anaconda.org/conda-forge/osx-64/libexpat-2.8.5-h6e061ac_0.conda#c58d84e9455db8161fa6a2413c1bf11de30682c02f9a3c1ddfaf24ea73dbe10f
https://conda.anaconda.org/conda-forge/osx-64/libffi-3.7.0-h6b3a05b_1.conda#c4793041226c87f987b9903e6503b76f02f52855cc193be2729ac127e600529b
https://conda.anaconda.org/conda-forge/osx-64/libfreetype-2.14.3-h694c41f_2.conda#cabaa404fde84dcf154c3394f7a86cbaa7cff1ce32e3951b0b6aad567c457e3f
https://conda.anaconda.org/conda-forge/osx-64/libfreetype6-2.14.3-h8afe040_2.conda#9c81d42ca311a1283fb8f79d05dae5659d86cf20f4e5d146a97836456537ccff
https://conda.anaconda.org/conda-forge/osx-64/libgcc-16.2.0-h13771c8_7.conda#9b41fcce83df18224b3a3157d757bf0fc08c6f975e228d0049c0701d3e584faa
https://conda.anaconda.org/conda-forge/osx-64/libgd-2.3.3-hb2c11ec_12.conda#bf7b0c25b6cca5808f4da46c5c363fa1192088b0b46efb730af43f28d52b8f04
https://conda.anaconda.org/conda-forge/osx-64/libgfortran-16.2.0-h7e5c614_7.conda#73ca26e786bb3ea011ecc3fb763469cea5a371347bdff504075e457141a80754
https://conda.anaconda.org/conda-forge/osx-64/libgfortran5-16.2.0-h2539e6c_7.conda#5749bacc1a5bf6c9933623399742c4d4c148299a5fe0d7b3fa7a93e93606e8b7
https://conda.anaconda.org/conda-forge/osx-64/libglib-2.90.0-h7e55108_0.conda#68091b433dfa7105c294be490ab35803e287d9c50190e9f6654d2c209352549e
https://conda.anaconda.org/conda-forge/osx-64/libharfbuzz-14.5.1-h2974713_0.conda#463431e74e9f115436199910acb001c7e183c76fef098c8853b8a8918c678052
https://conda.anaconda.org/conda-forge/osx-64/libharfbuzz-devel-14.5.1-h2974713_0.conda#4eb8e28fdff0ed904de5a1978ebde664a84ef51212828506989448f8048b23ab
https://conda.anaconda.org/conda-forge/osx-64/libhwloc-2.15.0-default_h714a4ab_1001.conda#56bd8d434f7dfedc55df7df9f6af6f8d1317d5b186a299bf2edf876302c73d6c
https://conda.anaconda.org/conda-forge/osx-64/libhwy-1.4.0-ha8ee8a1_2.conda#150cd2282b5ca01c8aadbf8d9e51864a737f0504eb8973646ab8521ecc2a1550
https://conda.anaconda.org/conda-forge/osx-64/libiconv-1.18-h4ae439b_3.conda#2389e03a58ed0f5e8f2469eb4d4ba80d0af378b38854ae5eee65e5b641244082
https://conda.anaconda.org/conda-forge/osx-64/libintl-0.25.1-h98e67c8_2.conda#1fad645b88742ad51dbaf9a6709fa9663edd663a4fed6b27c9c4cbc42fa9c514
https://conda.anaconda.org/conda-forge/osx-64/libjpeg-turbo-3.2.0-ha1e9b39_1.conda#0792824360a9e59802c9464157c1098c3d84330dcab5dbde762abaca16f580a8
https://conda.anaconda.org/conda-forge/osx-64/libjxl-0.12.0-h5564675_2.conda#f2e6f80c8b8be08d5f384696f9a32b940cbdae11bfd75d465cfffa3ec9a83ff0
https://conda.anaconda.org/conda-forge/osx-64/liblapack-3.11.0-11_h859234e_openblas.conda#0583f8807db3a6d8c847479af71bda38161dd31169bc928626896c001929d53f
https://conda.anaconda.org/conda-forge/osx-64/libllvm23-23.1.2-hd11396f_0.conda#f6174a6f25f900bbcebaa6461ad7152937ff5769e6dbec500a385c321e5adbc2
https://conda.anaconda.org/conda-forge/osx-64/liblzma-5.8.3-hbb4bfdb_1.conda#7915dac7c71c208e40e716e2f6d3eff41a8d5584e0e7c2d46f9bf9bd5f9aa739
https://conda.anaconda.org/conda-forge/osx-64/liblzma-devel-5.8.3-hbb4bfdb_1.conda#9851141c745a646c0ebebb8444d7c3961b3f5b478adefd878a2dc3aa090e7bd1
https://conda.anaconda.org/conda-forge/osx-64/libmed-4.2-nompi_h7518bc5_29.conda#515d9a0627330720ad0e2df91a4e26e43dc72ac5dea024ed18344f7df74506cc
https://conda.anaconda.org/conda-forge/osx-64/libnetcdf-4.10.1-nompi_h565eff6_201.conda#e5a1344a1da084f911fa8b43048dda37419e936077b013c7f891ea431bde4c8d
https://conda.anaconda.org/conda-forge/osx-64/libnghttp2-1.68.1-h1e30255_1.conda#2d5c131553e83089be74988529d758e2a6dbb9227056d8fa19c01f5ccef6e6fc
https://conda.anaconda.org/conda-forge/osx-64/libntlm-1.8-h6e16a3a_0.conda#2ab918f7cc00852d70088e0b9e49fda4ef95229126cf3c52a8297686938385f2
https://conda.anaconda.org/conda-forge/osx-64/libogg-1.3.5-he3325bb_1.conda#26691d40c70e83d3955a8daaee713aa7d087aa351c5a1f43786bbb0e871f29da
https://conda.anaconda.org/conda-forge/osx-64/libopenblas-0.3.34-openmp_h5c7ac21_1.conda#0c12ff69cf8e62948ffdf92845cf61119a19f5d78dca44deb5d4e4c441383d55
https://conda.anaconda.org/conda-forge/osx-64/libopus-1.6.1-had63097_1.conda#5513f55c05a5ce39f6babbb56100eb05f23ccdedbad4707bf74a3f3a5125cdd6
https://conda.anaconda.org/conda-forge/osx-64/libplacebo-7.360.1-h1ed201f_1.conda#498086d67adc639e28f36185db7310ac6f2900baf842c3229172ba97f3bf5bcf
https://conda.anaconda.org/conda-forge/osx-64/libpng-1.6.59-h4382c61_0.conda#4576bdf533292672b4aa955a43029343e25dcffaf8048d255b88e66b0860e602
https://conda.anaconda.org/conda-forge/osx-64/libpq-18.6-h58a6bad_3.conda#634c76984730f5c72c1294deb4d967d6b16c66208819a60d45514a771d9f6d6c
https://conda.anaconda.org/conda-forge/osx-64/libpsl-0.23.1-h7ff43d8_1.conda#6ee1849c23ddd4de76bacdcf88d4d16dc28fc10aa7c3431f859ef392da6936b8
https://conda.anaconda.org/conda-forge/osx-64/libpython-3.11.16-h31af0e7_2_cpython.conda#50148a170324051825efe38a7042a1feb6f8fae34bed7b203c29dbf8af9a2ed5
https://conda.anaconda.org/conda-forge/osx-64/libraqm-0.11.0-h1888d0e_0.conda#65c925254419f03f036e39fba03fa84fea6aa29a6c63a1fb97d45f70301a1c8f
https://conda.anaconda.org/conda-forge/osx-64/libraw-0.22.2-h3650196_0.conda#a39f49ab1c0f7fbb7598e573e14ce72214d8bc5805fc92888d9702633971e3fe
https://conda.anaconda.org/conda-forge/osx-64/librsvg-2.62.4-h43ae438_0.conda#dc6c5599a00eec5f536deecf7ec6cf1482d18ef3eace96bd30f341f68ae7e10f
https://conda.anaconda.org/conda-forge/osx-64/libsqlite-3.53.4-ha5db789_1.conda#78afe0bf88da66d7df62d39632aa69cb73eb32d923cd1175230ce2978618d9c8
https://conda.anaconda.org/conda-forge/osx-64/libssh2-1.11.1-hd53bb72_1.conda#ed0db46844a548f4ca57dad0b3abb92b37050d7f75ab1ef08fbed9d23f06b2de
https://conda.anaconda.org/conda-forge/osx-64/libtheora-1.2.0-h4eae5c9_0.conda#786a1e01bff4da091c1bb401a727e11289f33b4b9d29d6de6e6f083ede37dc15
https://conda.anaconda.org/conda-forge/osx-64/libtiff-4.7.2-h01c3a8c_1.conda#661b0befbb6e2300e0d25d9aac8f66be7003297c757fbb3e016985bf43a72638
https://conda.anaconda.org/conda-forge/osx-64/libusb-1.0.30-had63097_0.conda#a5bf61944d85bebfd4a49095791390bea64f09e4ca8599041fe35c0e850c47f9
https://conda.anaconda.org/conda-forge/osx-64/libvorbis-1.3.7-ha059160_2.conda#7b79c0e867db70c66e57ea0abf03ea940070ed8372289d6dc5db7ab59e30acc1
https://conda.anaconda.org/conda-forge/osx-64/libvpx-1.17.0-h6e061ac_0.conda#33503941af3a294bdf3880070e455f1e93ff256d9a59ae0ebd4513f115243368
https://conda.anaconda.org/conda-forge/osx-64/libvulkan-loader-1.4.357.0-h66869c8_2.conda#073ca56691dd439e66eb7837f1f8b3acc2510a982056b9eb8cc5cdd2d23344ad
https://conda.anaconda.org/conda-forge/osx-64/libwebp-base-1.6.0-hb276fe9_1.conda#96263e9134164b6ca015a8cfba3a4cac9ca2429ddfebd25c120817fa608d2fdc
https://conda.anaconda.org/conda-forge/osx-64/libxcb-1.17.0-h2478c6c_1.conda#f19550d311365ea8541424daafcad13a5d0259e905a1faad3caeae1eb659d271
https://conda.anaconda.org/conda-forge/osx-64/libxml2-2.15.4-hb56241c_0.conda#2a3d6322639100d222f64caa146640f1e15e3623e1baf57da166c42afb657a19
https://conda.anaconda.org/conda-forge/osx-64/libxml2-16-2.15.4-h8376fb4_0.conda#99b8a8977c93f4ab42dbdd345ee32677363175077473ef0acf1b20a3c15c8ab1
https://conda.anaconda.org/conda-forge/osx-64/libxslt-1.1.45-h31ee24d_1.conda#dc8019d66fcf3427d58e9db681c425a354412e6b1d013a2e910e6b9feefc27a8
https://conda.anaconda.org/conda-forge/osx-64/libzip-1.11.4-h99362d9_0.conda#38f2eae789beb1436b5a85635cd0ed5029bbcfdc73f3e30028d3bb60423b0596
https://conda.anaconda.org/conda-forge/osx-64/libzlib-1.3.2-hbb4bfdb_3.conda#b2dba286dd6632292b12296e761193b5ef9fb0eaeecaa481f5ba9af72c0c18e1
https://conda.anaconda.org/conda-forge/osx-64/llvm-openmp-23.1.2-h8c1e6b9_0.conda#3c17127e2a94d60a8babef57c66d643374c5b08c896ec5f0987a62ecfb81c8ee
https://conda.anaconda.org/conda-forge/osx-64/lz4-c-1.10.0-hc569e58_2.conda#97fedceb365f882790f37cf40bbfa89a67cdfa0d9e41e71a015d123d15b50433
https://conda.anaconda.org/conda-forge/noarch/markdown-it-py-4.2.0-pyhd8ed1ab_0.conda#0c4c35376fe920714390d46e4b8d31c876d65f18e1655899e0763ec25f2a902f
https://conda.anaconda.org/conda-forge/osx-64/matplotlib-base-3.11.2-py311h4f3de86_1.conda#be902e0bb69a8abef20bd3fa21c8f6755546bf362754ccdacca37bfab5ffc1ab
https://conda.anaconda.org/conda-forge/noarch/mdurl-0.1.2-pyhd8ed1ab_1.conda#78c1bbe1723449c52b7a9df1af2ee5f005209f67e40b6e1d3c7619127c43b1c7
https://conda.anaconda.org/conda-forge/osx-64/metis-5.1.0-h2b992f8_1008.conda#732db518032c377b71adacb2473de1c8a22a0fce1c64da752e76993e89fa24ae
https://conda.anaconda.org/conda-forge/osx-64/mpg123-1.33.7-h8d168ca_1.conda#92c404daa40f1cf3576febbb7a50064af6b2d012cfd33b9061029bdee7f0b317
https://conda.anaconda.org/conda-forge/osx-64/msgpack-python-1.2.3-py311h34f30e4_0.conda#2f424500eb57156a4ea16f9547410db3562f974f0f4eb3ae765baf09cfcd6f66
https://conda.anaconda.org/conda-forge/osx-64/multidict-6.7.1-py311h42ed68f_0.conda#1a8fe170142be8d18c14f0893822079867e1507d64df2e472e71a7401ae34d07
https://conda.anaconda.org/conda-forge/noarch/munkres-1.1.4-pyhd8ed1ab_1.conda#d09c47c2cf456de5c09fa66d2c3c5035aa1fa228a1983a433c47b876aa16ce90
https://conda.anaconda.org/conda-forge/osx-64/nanoflann-1.6.1-h429ed02_0.conda#08fa08bc0fa8a0565035c11bb36c4254d4dd4033674a63160a6b294bfaac6618
https://conda.anaconda.org/conda-forge/osx-64/ncurses-6.6-hcc0dc9a_1.conda#12c1d676b9a0e8109b576672519312c5428308f3f3d7706f8717e2f536d5d9e7
https://conda.anaconda.org/conda-forge/osx-64/nlohmann_json-3.12.0-h2fb4741_2.conda#fa1d86b7d132c3073f02afc011d7660ce9b9e4527120d72da1c8ac227012058a
https://conda.anaconda.org/conda-forge/osx-64/numpy-2.4.6-py311h2c4eb96_0.conda#47fa3ad9a49348efb5662d7850a433607ee4fabf259709731437a969c3006fa9
https://conda.anaconda.org/conda-forge/osx-64/occt-7.9.3-novtk_h129990c_103.conda#48ed842b47e8f83756c57da7e10ec592c06fdf10649b67d3f388d1068d7d5d26
https://conda.anaconda.org/conda-forge/osx-64/opencamlib-2023.01.11-py311h2dee9ef_9.conda#6987565d5fc6c7bd3765e41440ee3a3980ec6355ff3fd9562a23a953053c521e
https://conda.anaconda.org/conda-forge/osx-64/openexr-3.4.15-ha5ed679_0.conda#8c17544b2de5605f846ddb713def1abd0694509e626b9c675b1f2294f4bccc58
https://conda.anaconda.org/conda-forge/osx-64/openh264-2.6.0-h29fea0d_2.conda#0cf5ff9a035978ac0a3ef775a7e7c0f22eb288de83b9549ef9dfba3ab3978c6b
https://conda.anaconda.org/conda-forge/osx-64/openjpeg-2.5.4-he4eae51_1.conda#2d9eef746dc20c5e829b0b10de6731c5c5ab01c55160364ecf05a1bfaea0cca6
https://conda.anaconda.org/conda-forge/osx-64/openjph-0.31.0-h2c0e27e_0.conda#aa1a9be70abca41b4e94ddd9e29e30c53252c2a2160b7dd44282f3c01fb0b06d
https://conda.anaconda.org/conda-forge/osx-64/openldap-2.6.13-h2f5043c_0.conda#9b1b7fb7b6d3c98fd9b42313f575b93dba0fd299add27cbb7b1a3f26bbc62c85
https://conda.anaconda.org/conda-forge/osx-64/openssl-3.6.4-h332eb6d_0.conda#73d648d24f0994fd8641972848d74bd57b8d80888a64600643e3fe88a1b50545
https://conda.anaconda.org/conda-forge/noarch/packaging-26.3-pyhc364b38_0.conda#c432626b16768b8dab228bfb706f7060c2d462a21c516d240f68f2f902b5a044
https://conda.anaconda.org/conda-forge/osx-64/pango-1.58.2-hc5a6962_1.conda#f0d480da4a46cd5049d8cb88cead23d532debd098ac94a11791ce0a672d43acb
https://conda.anaconda.org/conda-forge/osx-64/pcl-1.15.1-hf394421_14.conda#f9fa90aca457bc2d513358959a21ef5fe8bd7c072d1a3dea0f06eaae688116a5
https://conda.anaconda.org/conda-forge/osx-64/pcre2-10.47-h31793e3_1.conda#9b3d0022e9f97939f7ea46661a4ef340c41ea137976bd38cfc4f7c5808a335d9
https://conda.anaconda.org/conda-forge/osx-64/pillow-12.3.0-py311h3bf5400_4.conda#c83a42d1d3c647660f5f5887c248989eadaec4054182a3e03d0c8ecc5fc2a8a2
https://conda.anaconda.org/conda-forge/noarch/pip-26.2.1-pyh8b19718_0.conda#c205bae42eb11b364fe3663a817cbcbc20a8ef544c6b2ff6f391013487117259
https://conda.anaconda.org/conda-forge/osx-64/pivy-0.6.11-py311qt6h031bb20_1.conda#26945f9ca1b8f92b1a406075696707e0a6b62f03a56655b5610a9e3064a84ea9
https://conda.anaconda.org/conda-forge/osx-64/pixman-0.46.4-h2fb4741_3.conda#261a3af8cb2d08d206b6661abcd44ea234afd72cea52fe78ad5262cf26e86065
https://conda.anaconda.org/conda-forge/noarch/platformdirs-4.12.2-pyh5ded981_0.conda#f23f022bbbf809cd248940eca853d1132f05752e0404984cde7b014fd6384c97
https://conda.anaconda.org/conda-forge/noarch/ply-3.11-pyhd8ed1ab_3.conda#bae453e5cecf19cab23c2e8929c6e30f4866d996a8058be16c797ed4b935461f
https://conda.anaconda.org/conda-forge/noarch/pooch-1.9.0-pyhd8ed1ab_0.conda#081e52c4612830bf1fd4a9c78eebaf335d1385d74ddfd328b1b2f26b983848eb
https://conda.anaconda.org/conda-forge/osx-64/proj-9.8.1-h856bcef_1.conda#c22fb72aa6d47efcbbeb1f452d5a7212cc1f4f934373888cb6210835e7a91ad7
https://conda.anaconda.org/conda-forge/osx-64/propcache-0.5.4-py311hb660652_0.conda#0f651e0dbc2c78cdcaaab3aa732f1e2ed3543690303068c15c6358bafea35557
https://conda.anaconda.org/conda-forge/osx-64/pthread-stubs-0.4-hd115831_1004.conda#8b8f86a3735a8e5141de0e9bc654daf381812def91cbd2f3de6ef47891a2d1b0
https://conda.anaconda.org/conda-forge/osx-64/pugixml-1.15-h46091d4_0.conda#d22fd205d2db21c835e233c30e91e348735e18418c35327b0406d2d917e39a90
https://conda.anaconda.org/conda-forge/noarch/pygments-2.21.0-pyhcf101f3_0.conda#f5f015ff1bc3e1b7fc08eee096b1865234189ae0b82bebdb86a5369116e42fa0
https://conda.anaconda.org/conda-forge/osx-64/pyobjc-core-12.2.2-py311he18d5c4_1.conda#19e0bc8f9aec6321a19d66c2064d2b61c16ec9f594b7e38205c6d74e1fc1b1cc
https://conda.anaconda.org/conda-forge/osx-64/pyobjc-framework-cocoa-12.2.2-py311ha57a2f8_1.conda#df39c9a7b5595972a5cd1c9b7a3a95aa264079d4c7c90b07834883c1b10730d0
https://conda.anaconda.org/conda-forge/noarch/pyparsing-3.3.3-pyh5ded981_0.conda#dc10d64d4b9a1310083b2f563416ab45560ee2a04fd6baab40f223f2b1ab37bc
https://conda.anaconda.org/conda-forge/osx-64/pyside6-6.11.1-py311h4f097fe_1.conda#162e96fccb7791d868061dc58cf31f5f72cba2334f66a9f603b26bfb305fd3dc
https://conda.anaconda.org/conda-forge/noarch/pysocks-1.7.1-pyha55dd90_7.conda#ba3b032fa52709ce0d9fd388f63d330a026754587a2f461117cac9ab73d8d0d8
https://conda.anaconda.org/conda-forge/osx-64/python-3.11.16-h6907cb8_2_cpython.conda#fbc001446deacbf48c2fee6217973504724f399a4f56af252ab4b9c7aa4761ec
https://conda.anaconda.org/conda-forge/noarch/python-dateutil-2.9.0.post0-pyhe01879c_2.conda#d6a17ece93bbd5139e02d2bd7dbfa80bee1a4261dced63f65f679121686bf664
https://conda.anaconda.org/conda-forge/noarch/python-gil-3.11.16-hd8ed1ab_2.conda#caec48ea90cf78622e923366d405ec29a419d916cb1690c2319ef76f984b9233
https://conda.anaconda.org/conda-forge/noarch/python-gmsh-4.15.2-pyh694c41f_10.conda#812da53aedc564b5bba666331149a3dca39af60f1e7ddab7ad42462ae318840f
https://conda.anaconda.org/conda-forge/noarch/python_abi-3.11-9_cp311.conda#bcfbad269758f4617035314fe379ee655bc2d9db5282e7a00d61450b7cefa3cf
https://conda.anaconda.org/conda-forge/noarch/pyvista-0.49.0-pyh534df25_1.conda#c09bc6b4f0143bec095d5e952d9d934d84e0aebae2ca88d9e4d2567bf915462f
https://conda.anaconda.org/conda-forge/noarch/pyvista-validation-0.2.2-pyh5ded981_0.conda#d3f75c3a2004b969db2099a18031349447925a91f01479a1d7667fcb1a9d7ba7
https://conda.anaconda.org/conda-forge/osx-64/pyyaml-6.0.3-py311h53ebfaf_1.conda#db6ce0be1a9e0e57d829e6522ba932643fadd9e5238875ff299925246a01b6b2
https://conda.anaconda.org/conda-forge/osx-64/qhull-2020.2-h3c5361c_5.conda#79d804fa6af9c750e8b09482559814ae18cd8df549ecb80a4873537a5a31e06e
https://conda.anaconda.org/conda-forge/osx-64/qt6-main-6.11.1-pl5321h64d128d_1.conda#8c6618ac6258134ce8dc40c3434ce982e7eb356df394cd0b487c0c004649e053
https://conda.anaconda.org/conda-forge/osx-64/rapidjson-1.1.0.post20250205-h2fb4741_0.conda#b6687a2f065eed0f3065aa157039b8d201fe2372fa2f0dccc3a7853c914cc47a
https://conda.anaconda.org/conda-forge/osx-64/readline-8.3-h000c2f7_1.conda#feb9248a062b7a0738e56339d8c9e87bc9adf8e8c76549fb55b0b2456bec3a57
https://conda.anaconda.org/conda-forge/noarch/requests-2.34.2-pyhcf101f3_0.conda#1715246b19c9f85ee022933b4845f2fc14ac9184981b7b7d9b728bec8e9588da
https://conda.anaconda.org/conda-forge/noarch/rich-15.0.0-pyhcf101f3_0.conda#3d6ba2c0fcdac3196ba2f0615b4104e532525ffa1335b50a2878be5ff488814a
https://conda.anaconda.org/conda-forge/noarch/rich-rst-2.2.0-pyhd8ed1ab_0.conda#0f1c37eaa5502586f013f5700fe7b28c99a3d7ccc9261d0b1c91f0f59bd83010
https://conda.anaconda.org/conda-forge/noarch/scooby-0.12.0-pyhd8ed1ab_0.conda#09ed2efa8a107164e2724392408db48e0d7388251e57be73dd02d13669c5240d
https://conda.anaconda.org/conda-forge/osx-64/sdl2-2.32.56-h2fb4741_0.conda#22aacfc07fb6003992a281517514cbfc024fe52131bcb5645e7e13f3da28340b
https://conda.anaconda.org/conda-forge/osx-64/sdl3-3.4.16-h2f783eb_0.conda#d7154e929f1f0c17ddc5fec45ee43da00ea12191a08b592bf22ed8660720b5f5
https://conda.anaconda.org/conda-forge/noarch/setuptools-84.0.0-pyh332efcf_0.conda#9e200ee5f9ff19a4d94e4b51c4856d53dec849f91032f345cf0c6bc3d51a7183
https://conda.anaconda.org/conda-forge/osx-64/shaderc-2026.3-hace2177_1.conda#172368c0bdb6b53a117edc77366997a3a0ffa6fabf8734ffd20d3648d2dca952
https://conda.anaconda.org/conda-forge/noarch/six-1.17.0-pyhe01879c_1.conda#458227f759d5e3fcec5d9b7acce54e10c9e1f4f4b7ec978f3bfd54ce4ee9853d
https://conda.anaconda.org/conda-forge/osx-64/smesh-9.9.0.0-h571fbe3_25.conda#b3af44acbbaea1d2f7c53695d4392dfd657ba63aa654001a93be35b1a9f2d6b5
https://conda.anaconda.org/conda-forge/osx-64/snappy-1.2.2-h3613d57_2.conda#6b947675ce187c836eb75634a911c27aed53b4902091b29b7d057dc858baeb45
https://conda.anaconda.org/conda-forge/osx-64/soqt6-1.6.3-h5db1869_4.conda#eff8fb670b0a08ff56ac0d9695f9c242f85c2a7295df87d07d905b6c9ad18830
https://conda.anaconda.org/conda-forge/osx-64/spirv-tools-2026.3-hf9f308f_1.conda#3655ec1824f3ee7f01482e746c49d63e2c1e64a5810e395c87592323866ba923
https://conda.anaconda.org/conda-forge/osx-64/sqlite-3.53.4-hdea7a7b_1.conda#eada66c9946b1feaff5c50b63902305836f09532a71ccf6461e73dc75b28018e
https://conda.anaconda.org/conda-forge/osx-64/svt-av1-4.2.0-h6e061ac_1.conda#0cee2fa5ca683695272147cc1bfd386a94965bd23cb7715b47381393ea08e6d2
https://conda.anaconda.org/conda-forge/osx-64/tbb-2023.1.0-h56c72fe_2.conda#a826ee2c1fe1d51b79300d0b77a04643d33ce3794b878c361ca8ae7881866d8c
https://conda.anaconda.org/conda-forge/osx-64/tbb-devel-2023.1.0-h191ee88_2.conda#a0efab83001ba1e61157c14c0c053c1d5bcb42f5617653d5a167e64b1752d503
https://conda.anaconda.org/conda-forge/osx-64/tinyxml2-11.0.0-hc569e58_1.conda#9b7c682f489cbbcd5f28a2be4068f53a652f563f4024e20a77102126067bd523
https://conda.anaconda.org/conda-forge/osx-64/tk-8.6.13-ha6c374e_4.conda#74e5fabcaf6ca0db052c645646ea04ded98a5eb7540483217f8101a819eb3107
https://conda.anaconda.org/conda-forge/noarch/typing-extensions-4.16.0-h69aa097_0.conda#b141933ece3518f6d7b75dfb59451e2f26b405a44c18e2518a83e9a02e09315c
https://conda.anaconda.org/conda-forge/noarch/typing_extensions-4.16.0-pyhcf101f3_0.conda#2d888f90af0686044882c74193ec80a90ec1943145d94a7b1b048958acda1848
https://conda.anaconda.org/conda-forge/noarch/tzdata-2026c-h151e31d_0.conda#b928c30ddcb0e3f544c6eade8352737e6e610e263276b90232db6a578ef899d8
https://conda.anaconda.org/conda-forge/osx-64/unicodedata2-18.0.0-py311h5e2e7b6_0.conda#cb7240d68f40d26925cb874872fbdfae266a0bb289b57d89204132cf5a99735e
https://conda.anaconda.org/conda-forge/noarch/urllib3-2.8.0-pyhd8ed1ab_0.conda#c5511c190ab55168ca412f3c54592fbf677ae6250784cb72b227a7cf3f538f7d
https://conda.anaconda.org/conda-forge/osx-64/utfcpp-4.09-h694c41f_0.conda#05ba7c7a03d9bb8c58813c08f68419e48298dde839623c3ef9d86695cb613e04
https://conda.anaconda.org/conda-forge/osx-64/viskores-1.1.1-cpu_h791b1e3_1.conda#6d623cd9a395f823082897041844d4f6ae4f987a160cead48af457f357ce7d62
https://conda.anaconda.org/conda-forge/osx-64/voro-0.4.6-h1c7c39f_0.conda#cf423d90064d47f7b2c99934704505467bdea54d7be79010774bc81368fb6576
https://conda.anaconda.org/conda-forge/osx-64/vtk-9.6.2-py311h690a9e2_7.conda#a1d17430bdcf74c75bfea8c6bd6288a64eb4670a960b399d6e4b5daf0c5f6693
https://conda.anaconda.org/conda-forge/osx-64/vtk-base-9.6.2-py311h8f97ebb_7.conda#e8d4655d0c5c5704d98a20a001c6dba74f9f50c2c5a116454fc8b0cad14ff16d
https://conda.anaconda.org/conda-forge/osx-64/vtk-io-ffmpeg-9.6.2-py311hc5e82de_7.conda#060aec9ec02ad6fd553f9a75fc0816e2ed619e3ec9087d5c7a3695ef06edcafd
https://conda.anaconda.org/conda-forge/noarch/wheel-0.48.0-pyhd8ed1ab_0.conda#ba64b29b6d418024cb565081a1799262cb2780d2534ff4c14f76aa858c4286cd
https://conda.anaconda.org/conda-forge/noarch/wslink-2.5.7-pyhd8ed1ab_0.conda#894762dc1a6520888de7cbe8d6f59999a94005aad11951fddcfdbef85d726a2d
https://conda.anaconda.org/conda-forge/osx-64/x264-1%21164.3095-hd115831_3.conda#a0e27c4cf7d48d2177266da466732eb3d2a8e0d01e5d8257a2a2e981e66074b1
https://conda.anaconda.org/conda-forge/osx-64/x265-3.5-h78a8136_4.conda#dc7965e235aa3f70393aac9d2e3ccfc64116eeebf26075810288284eb15dd7d1
https://conda.anaconda.org/conda-forge/osx-64/xerces-c-3.3.0-h32b985b_2.conda#4a55a2a141f830715c08592e6343de552c0e71450a4d40bef306d9cdffe599a5
https://conda.anaconda.org/conda-forge/osx-64/xorg-libice-1.1.2-ha3d0635_0.conda#8d7c510a5e0495075e30dbac584591c78824ab4ea041c927ae12b844a3e1dc76
https://conda.anaconda.org/conda-forge/osx-64/xorg-libsm-1.2.6-ha3d0635_1.conda#52ef59c629fcc4ff2b1213d16c660b878e9665c6210efbce2c56968d66f9d6bf
https://conda.anaconda.org/conda-forge/osx-64/xorg-libx11-1.8.13-hd3cc91f_1.conda#529350d74099e96a46ed402db95bf2ae662bb6169e9b752954462659d7faa856
https://conda.anaconda.org/conda-forge/osx-64/xorg-libxau-1.0.12-hd115831_2.conda#73a6f8cc76ecd16d4ac7fd5879e51a55485c993251409680238fcba09ff7e6eb
https://conda.anaconda.org/conda-forge/osx-64/xorg-libxdmcp-1.1.5-hd115831_2.conda#d641d1c22e772914d3bcfcb8a4974e01f4a5bfb72a195b99ca01ff45bb5b1a21
https://conda.anaconda.org/conda-forge/osx-64/xorg-libxext-1.3.7-hd115831_1.conda#8b5ae560465e0ae80170b614498c42e8a2c82eab5beceaf2f47b906174290d5c
https://conda.anaconda.org/conda-forge/osx-64/xorg-libxfixes-6.0.2-hd115831_1.conda#9015715a6032eccce0924cf61edd545b8a72d32eff110af4f6a447e93aa0d08a
https://conda.anaconda.org/conda-forge/osx-64/xorg-libxrender-0.9.12-ha1e9b39_1.conda#8036280e91f33d1f2fcd03fed6acefc4211890327ae1225091328058ef0be5fe
https://conda.anaconda.org/conda-forge/osx-64/yaml-0.2.5-had63097_3.conda#b63a29a5e4968b28c8403525549fd662de8ff5863e6287f89cfaac7d1d688ea0
https://conda.anaconda.org/conda-forge/osx-64/yaml-cpp-0.8.0-h2fb4741_1.conda#8573fdb25b71303635afcc131061ac19f488c84e484cf10e9a3ce219dd09257e
https://conda.anaconda.org/conda-forge/osx-64/yarl-1.24.5-py311ha8ae342_0.conda#fd36d5e440a691c16043068b41259fa4954e242f31313d5868fc094ea56ad11c
https://conda.anaconda.org/conda-forge/osx-64/zfp-1.0.1-h6393e1a_6.conda#92971d4aca3a7c9c7f230c6e461a8341df6507b4cf18bf5d99b682810f188ad0
https://conda.anaconda.org/conda-forge/osx-64/zlib-ng-2.3.3-h646e873_1.conda#b4f5e79fd045acce419a6d6cdfd3e50b7c0964edc3948573d4852432917a5f62
https://conda.anaconda.org/conda-forge/osx-64/zstd-1.5.7-hbc1a06c_7.conda#5277886d9704a624dc9b79ac985861e1e431bdb39a57c082507ab577a138ec6c
